
Microsoft Visual Studio Solution File, Format Version 12.00
# Visual Studio Version 17
VisualStudioVersion = 17.8.34309.116
MinimumVisualStudioVersion = 10.0.40219.1
Project("{9A19103F-16F7-4668-BE54-9A1E7A4F7556}") = "NEWAPP", "NEWAPP\NEWAPP.csproj", "{D95E46C1-6FB0-4F1F-8FFE-0D3B8B5EF984}"
EndProject
Project("{FAE04EC0-301F-11D3-BF4B-00C04F79EFBC}") = "DomainModels", "DomainModels\DomainModels.csproj", "{0CF2E41D-BD12-4B6C-A9CF-779F88E1EF7C}"
EndProject
Project("{FAE04EC0-301F-11D3-BF4B-00C04F79EFBC}") = "Data", "Data\Data.csproj", "{4E94A8BA-D273-4E19-B6BD-0E02C7F594ED}"
EndProject
Global
	GlobalSection(SolutionConfigurationPlatforms) = preSolution
		Debug|Any CPU = Debug|Any CPU
		Release|Any CPU = Release|Any CPU
	EndGlobalSection
	GlobalSection(ProjectConfigurationPlatforms) = postSolution
		{D95E46C1-6FB0-4F1F-8FFE-0D3B8B5EF984}.Debug|Any CPU.ActiveCfg = Debug|Any CPU
		{D95E46C1-6FB0-4F1F-8FFE-0D3B8B5EF984}.Debug|Any CPU.Build.0 = Debug|Any CPU
		{D95E46C1-6FB0-4F1F-8FFE-0D3B8B5EF984}.Release|Any CPU.ActiveCfg = Release|Any CPU
		{D95E46C1-6FB0-4F1F-8FFE-0D3B8B5EF984}.Release|Any CPU.Build.0 = Release|Any CPU
		{0CF2E41D-BD12-4B6C-A9CF-779F88E1EF7C}.Debug|Any CPU.ActiveCfg = Debug|Any CPU
		{0CF2E41D-BD12-4B6C-A9CF-779F88E1EF7C}.Debug|Any CPU.Build.0 = Debug|Any CPU
		{0CF2E41D-BD12-4B6C-A9CF-779F88E1EF7C}.Release|Any CPU.ActiveCfg = Release|Any CPU
		{0CF2E41D-BD12-4B6C-A9CF-779F88E1EF7C}.Release|Any CPU.Build.0 = Release|Any CPU
		{4E94A8BA-D273-4E19-B6BD-0E02C7F594ED}.Debug|Any CPU.ActiveCfg = Debug|Any CPU
		{4E94A8BA-D273-4E19-B6BD-0E02C7F594ED}.Debug|Any CPU.Build.0 = Debug|Any CPU
		{4E94A8BA-D273-4E19-B6BD-0E02C7F594ED}.Release|Any CPU.ActiveCfg = Release|Any CPU
		{4E94A8BA-D273-4E19-B6BD-0E02C7F594ED}.Release|Any CPU.Build.0 = Release|Any CPU
	EndGlobalSection
	GlobalSection(SolutionProperties) = preSolution
		HideSolutionNode = FALSE
	EndGlobalSection
	GlobalSection(ExtensibilityGlobals) = postSolution
		SolutionGuid = {F9063CD2-B4E3-4980-B9D2-E948F39D1B7E}
	EndGlobalSection
EndGlobal
